// !$*UTF8*$!
{
	archiveVersion = 1;
	classes = {
	};
	objectVersion = 46;
	objects = {

/* Begin PBXBuildFile section */
		3F4C3CEB1C68C46D00E46017 /* AppDelegate.swift in Sources */ = {isa = PBXBuildFile; fileRef = 3F4C3CEA1C68C46D00E46017 /* AppDelegate.swift */; };
		3F4C3CED1C68C46D00E46017 /* ViewController.swift in Sources */ = {isa = PBXBuildFile; fileRef = 3F4C3CEC1C68C46D00E46017 /* ViewController.swift */; };
		3F4C3CF01C68C46D00E46017 /* Main.storyboard in Resources */ = {isa = PBXBuildFile; fileRef = 3F4C3CEE1C68C46D00E46017 /* Main.storyboard */; };
		3F4C3CF21C68C46D00E46017 /* Assets.xcassets in Resources */ = {isa = PBXBuildFile; fileRef = 3F4C3CF11C68C46D00E46017 /* Assets.xcassets */; };
		3F4C3CF51C68C46D00E46017 /* LaunchScreen.storyboard in Resources */ = {isa = PBXBuildFile; fileRef = 3F4C3CF31C68C46D00E46017 /* LaunchScreen.storyboard */; };
		3F4C3D001C68C46D00E46017 /* githubTests.swift in Sources */ = {isa = PBXBuildFile; fileRef = 3F4C3CFF1C68C46D00E46017 /* githubTests.swift */; };
		3F4C3D0B1C68C46D00E46017 /* githubUITests.swift in Sources */ = {isa = PBXBuildFile; fileRef = 3F4C3D0A1C68C46D00E46017 /* githubUITests.swift */; };
/* End PBXBuildFile section */

/* Begin PBXContainerItemProxy section */
		3F4C3CFC1C68C46D00E46017 /* PBXContainerItemProxy */ = {
			isa = PBXContainerItemProxy;
			containerPortal = 3F4C3CDF1C68C46C00E46017 /* Project object */;
			proxyType = 1;
			remoteGlobalIDString = 3F4C3CE61C68C46C00E46017;
			remoteInfo = github;
		};
		3F4C3D071C68C46D00E46017 /* PBXContainerItemProxy */ = {
			isa = PBXContainerItemProxy;
			containerPortal = 3F4C3CDF1C68C46C00E46017 /* Project object */;
			proxyType = 1;
			remoteGlobalIDString = 3F4C3CE61C68C46C00E46017;
			remoteInfo = github;
		};
/* End PBXContainerItemProxy section */

/* Begin PBXFileReference section */
		3F4C3CE71C68C46D00E46017 /* github.app */ = {isa = PBXFileReference; explicitFileType = wrapper.application; includeInIndex = 0; path = github.app; sourceTree = BUILT_PRODUCTS_DIR; };
		3F4C3CEA1C68C46D00E46017 /* AppDelegate.swift */ = {isa = PBXFileReference; lastKnownFileType = sourcecode.swift; path = AppDelegate.swift; sourceTree = "<group>"; };
		3F4C3CEC1C68C46D00E46017 /* ViewController.swift */ = {isa = PBXFileReference; lastKnownFileType = sourcecode.swift; path = ViewController.swift; sourceTree = "<group>"; };
		3F4C3CEF1C68C46D00E46017 /* Base */ = {isa = PBXFileReference; lastKnownFileType = file.storyboard; name = Base; path = Base.lproj/Main.storyboard; sourceTree = "<group>"; };
		3F4C3CF11C68C46D00E46017 /* Assets.xcassets */ = {isa = PBXFileReference; lastKnownFileType = folder.assetcatalog; path = Assets.xcassets; sourceTree = "<group>"; };
		3F4C3CF41C68C46D00E46017 /* Base */ = {isa = PBXFileReference; lastKnownFileType = file.storyboard; name = Base; path = Base.lproj/LaunchScreen.storyboard; sourceTree = "<group>"; };
		3F4C3CF61C68C46D00E46017 /* Info.plist */ = {isa = PBXFileReference; lastKnownFileType = text.plist.xml; path = Info.plist; sourceTree = "<group>"; };
		3F4C3CFB1C68C46D00E46017 /* githubTests.xctest */ = {isa = PBXFileReference; explicitFileType = wrapper.cfbundle; includeInIndex = 0; path = githubTests.xctest; sourceTree = BUILT_PRODUCTS_DIR; };
		3F4C3CFF1C68C46D00E46017 /* githubTests.swift */ = {isa = PBXFileReference; lastKnownFileType = sourcecode.swift; path = githubTests.swift; sourceTree = "<group>"; };
		3F4C3D011C68C46D00E46017 /* Info.plist */ = {isa = PBXFileReference; lastKnownFileType = text.plist.xml; path = Info.plist; sourceTree = "<group>"; };
		3F4C3D061C68C46D00E46017 /* githubUITests.xctest */ = {isa = PBXFileReference; explicitFileType = wrapper.cfbundle; includeInIndex = 0; path = githubUITests.xctest; sourceTree = BUILT_PRODUCTS_DIR; };
		3F4C3D0A1C68C46D00E46017 /* githubUITests.swift */ = {isa = PBXFileReference; lastKnownFileType = sourcecode.swift; path = githubUITests.swift; sourceTree = "<group>"; };
		3F4C3D0C1C68C46D00E46017 /* Info.plist */ = {isa = PBXFileReference; lastKnownFileType = text.plist.xml; path = Info.plist; sourceTree = "<group>"; };
/* End PBXFileReference section */

/* Begin PBXFrameworksBuildPhase section */
		3F4C3CE41C68C46C00E46017 /* Frameworks */ = {
			isa = PBXFrameworksBuildPhase;
			buildActionMask = 2147483647;
			files = (
			);
			runOnlyForDeploymentPostprocessing = 0;
		};
		3F4C3CF81C68C46D00E46017 /* Frameworks */ = {
			isa = PBXFrameworksBuildPhase;
			buildActionMask = 2147483647;
			files = (
			);
			runOnlyForDeploymentPostprocessing = 0;
		};
		3F4C3D031C68C46D00E46017 /* Frameworks */ = {
			isa = PBXFrameworksBuildPhase;
			buildActionMask = 2147483647;
			files = (
			);
			runOnlyForDeploymentPostprocessing = 0;
		};
/* End PBXFrameworksBuildPhase section */

/* Begin PBXGroup section */
		3F4C3CDE1C68C46C00E46017 = {
			isa = PBXGroup;
			children = (
				3F4C3CE91C68C46D00E46017 /* github */,
				3F4C3CFE1C68C46D00E46017 /* githubTests */,
				3F4C3D091C68C46D00E46017 /* githubUITests */,
				3F4C3CE81C68C46D00E46017 /* Products */,
			);
			sourceTree = "<group>";
		};
		3F4C3CE81C68C46D00E46017 /* Products */ = {
			isa = PBXGroup;
			children = (
				3F4C3CE71C68C46D00E46017 /* github.app */,
				3F4C3CFB1C68C46D00E46017 /* githubTests.xctest */,
				3F4C3D061C68C46D00E46017 /* githubUITests.xctest */,
			);
			name = Products;
			sourceTree = "<group>";
		};
		3F4C3CE91C68C46D00E46017 /* github */ = {
			isa = PBXGroup;
			children = (
				3F4C3CEA1C68C46D00E46017 /* AppDelegate.swift */,
				3F4C3CEC1C68C46D00E46017 /* ViewController.swift */,
				3F4C3CEE1C68C46D00E46017 /* Main.storyboard */,
				3F4C3CF11C68C46D00E46017 /* Assets.xcassets */,
				3F4C3CF31C68C46D00E46017 /* LaunchScreen.storyboard */,
				3F4C3CF61C68C46D00E46017 /* Info.plist */,
			);
			path = github;
			sourceTree = "<group>";
		};
		3F4C3CFE1C68C46D00E46017 /* githubTests */ = {
			isa = PBXGroup;
			children = (
				3F4C3CFF1C68C46D00E46017 /* githubTests.swift */,
				3F4C3D011C68C46D00E46017 /* Info.plist */,
			);
			path = githubTests;
			sourceTree = "<group>";
		};
		3F4C3D091C68C46D00E46017 /* githubUITests */ = {
			isa = PBXGroup;
			children = (
				3F4C3D0A1C68C46D00E46017 /* githubUITests.swift */,
				3F4C3D0C1C68C46D00E46017 /* Info.plist */,
			);
			path = githubUITests;
			sourceTree = "<group>";
		};
/* End PBXGroup section */

/* Begin PBXNativeTarget section */
		3F4C3CE61C68C46C00E46017 /* github */ = {
			isa = PBXNativeTarget;
			buildConfigurationList = 3F4C3D0F1C68C46D00E46017 /* Build configuration list for PBXNativeTarget "github" */;
			buildPhases = (
				3F4C3CE31C68C46C00E46017 /* Sources */,
				3F4C3CE41C68C46C00E46017 /* Frameworks */,
				3F4C3CE51C68C46C00E46017 /* Resources */,
			);
			buildRules = (
			);
			dependencies = (
			);
			name = github;
			productName = github;
			productReference = 3F4C3CE71C68C46D00E46017 /* github.app */;
			productType = "com.apple.product-type.application";
		};
		3F4C3CFA1C68C46D00E46017 /* githubTests */ = {
			isa = PBXNativeTarget;
			buildConfigurationList = 3F4C3D121C68C46D00E46017 /* Build configuration list for PBXNativeTarget "githubTests" */;
			buildPhases = (
				3F4C3CF71C68C46D00E46017 /* Sources */,
				3F4C3CF81C68C46D00E46017 /* Frameworks */,
				3F4C3CF91C68C46D00E46017 /* Resources */,
			);
			buildRules = (
			);
			dependencies = (
				3F4C3CFD1C68C46D00E46017 /* PBXTargetDependency */,
			);
			name = githubTests;
			productName = githubTests;
			productReference = 3F4C3CFB1C68C46D00E46017 /* githubTests.xctest */;
			productType = "com.apple.product-type.bundle.unit-test";
		};
		3F4C3D051C68C46D00E46017 /* githubUITests */ = {
			isa = PBXNativeTarget;
			buildConfigurationList = 3F4C3D151C68C46D00E46017 /* Build configuration list for PBXNativeTarget "githubUITests" */;
			buildPhases = (
				3F4C3D021C68C46D00E46017 /* Sources */,
				3F4C3D031C68C46D00E46017 /* Frameworks */,
				3F4C3D041C68C46D00E46017 /* Resources */,
			);
			buildRules = (
			);
			dependencies = (
				3F4C3D081C68C46D00E46017 /* PBXTargetDependency */,
			);
			name = githubUITests;
			productName = githubUITests;
			productReference = 3F4C3D061C68C46D00E46017 /* githubUITests.xctest */;
			productType = "com.apple.product-type.bundle.ui-testing";
		};
/* End PBXNativeTarget section */

/* Begin PBXProject section */
		3F4C3CDF1C68C46C00E46017 /* Project object */ = {
			isa = PBXProject;
			attributes = {
				LastUpgradeCheck = 0700;
				ORGANIZATIONNAME = student;
				TargetAttributes = {
					3F4C3CE61C68C46C00E46017 = {
						CreatedOnToolsVersion = 7.0;
					};
					3F4C3CFA1C68C46D00E46017 = {
						CreatedOnToolsVersion = 7.0;
						TestTargetID = 3F4C3CE61C68C46C00E46017;
					};
					3F4C3D051C68C46D00E46017 = {
						CreatedOnToolsVersion = 7.0;
						TestTargetID = 3F4C3CE61C68C46C00E46017;
					};
				};
			};
			buildConfigurationList = 3F4C3CE21C68C46C00E46017 /* Build configuration list for PBXProject "github" */;
			compatibilityVersion = "Xcode 3.2";
			developmentRegion = English;
			hasScannedForEncodings = 0;
			knownRegions = (
				en,
				Base,
			);
			mainGroup = 3F4C3CDE1C68C46C00E46017;
			productRefGroup = 3F4C3CE81C68C46D00E46017 /* Products */;
			projectDirPath = "";
			projectRoot = "";
			targets = (
				3F4C3CE61C68C46C00E46017 /* github */,
				3F4C3CFA1C68C46D00E46017 /* githubTests */,
				3F4C3D051C68C46D00E46017 /* githubUITests */,
			);
		};
/* End PBXProject section */

/* Begin PBXResourcesBuildPhase section */
		3F4C3CE51C68C46C00E46017 /* Resources */ = {
			isa = PBXResourcesBuildPhase;
			buildActionMask = 2147483647;
			files = (
				3F4C3CF51C68C46D00E46017 /* LaunchScreen.storyboard in Resources */,
				3F4C3CF21C68C46D00E46017 /* Assets.xcassets in Resources */,
				3F4C3CF01C68C46D00E46017 /* Main.storyboard in Resources */,
			);
			runOnlyForDeploymentPostprocessing = 0;
		};
		3F4C3CF91C68C46D00E46017 /* Resources */ = {
			isa = PBXResourcesBuildPhase;
			buildActionMask = 2147483647;
			files = (
			);
			runOnlyForDeploymentPostprocessing = 0;
		};
		3F4C3D041C68C46D00E46017 /* Resources */ = {
			isa = PBXResourcesBuildPhase;
			buildActionMask = 2147483647;
			files = (
			);
			runOnlyForDeploymentPostprocessing = 0;
		};
/* End PBXResourcesBuildPhase section */

/* Begin PBXSourcesBuildPhase section */
		3F4C3CE31C68C46C00E46017 /* Sources */ = {
			isa = PBXSourcesBuildPhase;
			buildActionMask = 2147483647;
			files = (
				3F4C3CED1C68C46D00E46017 /* ViewController.swift in Sources */,
				3F4C3CEB1C68C46D00E46017 /* AppDelegate.swift in Sources */,
			);
			runOnlyForDeploymentPostprocessing = 0;
		};
		3F4C3CF71C68C46D00E46017 /* Sources */ = {
			isa = PBXSourcesBuildPhase;
			buildActionMask = 2147483647;
			files = (
				3F4C3D001C68C46D00E46017 /* githubTests.swift in Sources */,
			);
			runOnlyForDeploymentPostprocessing = 0;
		};
		3F4C3D021C68C46D00E46017 /* Sources */ = {
			isa = PBXSourcesBuildPhase;
			buildActionMask = 2147483647;
			files = (
				3F4C3D0B1C68C46D00E46017 /* githubUITests.swift in Sources */,
			);
			runOnlyForDeploymentPostprocessing = 0;
		};
/* End PBXSourcesBuildPhase section */

/* Begin PBXTargetDependency section */
		3F4C3CFD1C68C46D00E46017 /* PBXTargetDependency */ = {
			isa = PBXTargetDependency;
			target = 3F4C3CE61C68C46C00E46017 /* github */;
			targetProxy = 3F4C3CFC1C68C46D00E46017 /* PBXContainerItemProxy */;
		};
		3F4C3D081C68C46D00E46017 /* PBXTargetDependency */ = {
			isa = PBXTargetDependency;
			target = 3F4C3CE61C68C46C00E46017 /* github */;
			targetProxy = 3F4C3D071C68C46D00E46017 /* PBXContainerItemProxy */;
		};
/* End PBXTargetDependency section */

/* Begin PBXVariantGroup section */
		3F4C3CEE1C68C46D00E46017 /* Main.storyboard */ = {
			isa = PBXVariantGroup;
			children = (
				3F4C3CEF1C68C46D00E46017 /* Base */,
			);
			name = Main.storyboard;
			sourceTree = "<group>";
		};
		3F4C3CF31C68C46D00E46017 /* LaunchScreen.storyboard */ = {
			isa = PBXVariantGroup;
			children = (
				3F4C3CF41C68C46D00E46017 /* Base */,
			);
			name = LaunchScreen.storyboard;
			sourceTree = "<group>";
		};
/* End PBXVariantGroup section */

/* Begin XCBuildConfiguration section */
		3F4C3D0D1C68C46D00E46017 /* Debug */ = {
			isa = XCBuildConfiguration;
			buildSettings = {
				ALWAYS_SEARCH_USER_PATHS = NO;
				CLANG_CXX_LANGUAGE_STANDARD = "gnu++0x";
				CLANG_CXX_LIBRARY = "libc++";
				CLANG_ENABLE_MODULES = YES;
				CLANG_ENABLE_OBJC_ARC = YES;
				CLANG_WARN_BOOL_CONVERSION = YES;
				CLANG_WARN_CONSTANT_CONVERSION = YES;
				CLANG_WARN_DIRECT_OBJC_ISA_USAGE = YES_ERROR;
				CLANG_WARN_EMPTY_BODY = YES;
				CLANG_WARN_ENUM_CONVERSION = YES;
				CLANG_WARN_INT_CONVERSION = YES;
				CLANG_WARN_OBJC_ROOT_CLASS = YES_ERROR;
				CLANG_WARN_UNREACHABLE_CODE = YES;
				CLANG_WARN__DUPLICATE_METHOD_MATCH = YES;
				"CODE_SIGN_IDENTITY[sdk=iphoneos*]" = "iPhone Developer";
				COPY_PHASE_STRIP = NO;
				DEBUG_INFORMATION_FORMAT = dwarf;
				ENABLE_STRICT_OBJC_MSGSEND = YES;
				ENABLE_TESTABILITY = YES;
				GCC_C_LANGUAGE_STANDARD = gnu99;
				GCC_DYNAMIC_NO_PIC = NO;
				GCC_NO_COMMON_BLOCKS = YES;
				GCC_OPTIMIZATION_LEVEL = 0;
				GCC_PREPROCESSOR_DEFINITIONS = (
					"DEBUG=1",
					"$(inherited)",
				);
				GCC_WARN_64_TO_32_BIT_CONVERSION = YES;
				GCC_WARN_ABOUT_RETURN_TYPE = YES_ERROR;
				GCC_WARN_UNDECLARED_SELECTOR = YES;
				GCC_WARN_UNINITIALIZED_AUTOS = YES_AGGRESSIVE;
				GCC_WARN_UNUSED_FUNCTION = YES;
				GCC_WARN_UNUSED_VARIABLE = YES;
				IPHONEOS_DEPLOYMENT_TARGET = 9.0;
				MTL_ENABLE_DEBUG_INFO = YES;
				ONLY_ACTIVE_ARCH = YES;
				SDKROOT = iphoneos;
				SWIFT_OPTIMIZATION_LEVEL = "-Onone";
			};
			name = Debug;
		};
		3F4C3D0E1C68C46D00E46017 /* Release */ = {
			isa = XCBuildConfiguration;
			buildSettings = {
				ALWAYS_SEARCH_USER_PATHS = NO;
				CLANG_CXX_LANGUAGE_STANDARD = "gnu++0x";
				CLANG_CXX_LIBRARY = "libc++";
				CLANG_ENABLE_MODULES = YES;
				CLANG_ENABLE_OBJC_ARC = YES;
				CLANG_WARN_BOOL_CONVERSION = YES;
				CLANG_WARN_CONSTANT_CONVERSION = YES;
				CLANG_WARN_DIRECT_OBJC_ISA_USAGE = YES_ERROR;
				CLANG_WARN_EMPTY_BODY = YES;
				CLANG_WARN_ENUM_CONVERSION = YES;
				CLANG_WARN_INT_CONVERSION = YES;
				CLANG_WARN_OBJC_ROOT_CLASS = YES_ERROR;
				CLANG_WARN_UNREACHABLE_CODE = YES;
				CLANG_WARN__DUPLICATE_METHOD_MATCH = YES;
				"CODE_SIGN_IDENTITY[sdk=iphoneos*]" = "iPhone Developer";
				COPY_PHASE_STRIP = NO;
				DEBUG_INFORMATION_FORMAT = "dwarf-with-dsym";
				ENABLE_NS_ASSERTIONS = NO;
				ENABLE_STRICT_OBJC_MSGSEND = YES;
				GCC_C_LANGUAGE_STANDARD = gnu99;
				GCC_NO_COMMON_BLOCKS = YES;
				GCC_WARN_64_TO_32_BIT_CONVERSION = YES;
				GCC_WARN_ABOUT_RETURN_TYPE = YES_ERROR;
				GCC_WARN_UNDECLARED_SELECTOR = YES;
				GCC_WARN_UNINITIALIZED_AUTOS = YES_AGGRESSIVE;
				GCC_WARN_UNUSED_FUNCTION = YES;
				GCC_WARN_UNUSED_VARIABLE = YES;
				IPHONEOS_DEPLOYMENT_TARGET = 9.0;
				MTL_ENABLE_DEBUG_INFO = NO;
				SDKROOT = iphoneos;
				VALIDATE_PRODUCT = YES;
			};
			name = Release;
		};
		3F4C3D101C68C46D00E46017 /* Debug */ = {
			isa = XCBuildConfiguration;
			buildSettings = {
				ASSETCATALOG_COMPILER_APPICON_NAME = AppIcon;
				INFOPLIST_FILE = github/Info.plist;
				LD_RUNPATH_SEARCH_PATHS = "$(inherited) @executable_path/Frameworks";
				PRODUCT_BUNDLE_IDENTIFIER = BRN.github;
				PRODUCT_NAME = "$(TARGET_NAME)";
			};
			name = Debug;
		};
		3F4C3D111C68C46D00E46017 /* Release */ = {
			isa = XCBuildConfiguration;
			buildSettings = {
				ASSETCATALOG_COMPILER_APPICON_NAME = AppIcon;
				INFOPLIST_FILE = github/Info.plist;
				LD_RUNPATH_SEARCH_PATHS = "$(inherited) @executable_path/Frameworks";
				PRODUCT_BUNDLE_IDENTIFIER = BRN.github;
				PRODUCT_NAME = "$(TARGET_NAME)";
			};
			name = Release;
		};
		3F4C3D131C68C46D00E46017 /* Debug */ = {
			isa = XCBuildConfiguration;
			buildSettings = {
				BUNDLE_LOADER = "$(TEST_HOST)";
				INFOPLIST_FILE = githubTests/Info.plist;
				LD_RUNPATH_SEARCH_PATHS = "$(inherited) @executable_path/Frameworks @loader_path/Frameworks";
				PRODUCT_BUNDLE_IDENTIFIER = BRN.githubTests;
				PRODUCT_NAME = "$(TARGET_NAME)";
				TEST_HOST = "$(BUILT_PRODUCTS_DIR)/github.app/github";
			};
			name = Debug;
		};
		3F4C3D141C68C46D00E46017 /* Release */ = {
			isa = XCBuildConfiguration;
			buildSettings = {
				BUNDLE_LOADER = "$(TEST_HOST)";
				INFOPLIST_FILE = githubTests/Info.plist;
				LD_RUNPATH_SEARCH_PATHS = "$(inherited) @executable_path/Frameworks @loader_path/Frameworks";
				PRODUCT_BUNDLE_IDENTIFIER = BRN.githubTests;
				PRODUCT_NAME = "$(TARGET_NAME)";
				TEST_HOST = "$(BUILT_PRODUCTS_DIR)/github.app/github";
			};
			name = Release;
		};
		3F4C3D161C68C46D00E46017 /* Debug */ = {
			isa = XCBuildConfiguration;
			buildSettings = {
				INFOPLIST_FILE = githubUITests/Info.plist;
				LD_RUNPATH_SEARCH_PATHS = "$(inherited) @executable_path/Frameworks @loader_path/Frameworks";
				PRODUCT_BUNDLE_IDENTIFIER = BRN.githubUITests;
				PRODUCT_NAME = "$(TARGET_NAME)";
				TEST_TARGET_NAME = github;
				USES_XCTRUNNER = YES;
			};
			name = Debug;
		};
		3F4C3D171C68C46D00E46017 /* Release */ = {
			isa = XCBuildConfiguration;
			buildSettings = {
				INFOPLIST_FILE = githubUITests/Info.plist;
				LD_RUNPATH_SEARCH_PATHS = "$(inherited) @executable_path/Frameworks @loader_path/Frameworks";
				PRODUCT_BUNDLE_IDENTIFIER = BRN.githubUITests;
				PRODUCT_NAME = "$(TARGET_NAME)";
				TEST_TARGET_NAME = github;
				USES_XCTRUNNER = YES;
			};
			name = Release;
		};
/* End XCBuildConfiguration section */

/* Begin XCConfigurationList section */
		3F4C3CE21C68C46C00E46017 /* Build configuration list for PBXProject "github" */ = {
			isa = XCConfigurationList;
			buildConfigurations = (
				3F4C3D0D1C68C46D00E46017 /* Debug */,
				3F4C3D0E1C68C46D00E46017 /* Release */,
			);
			defaultConfigurationIsVisible = 0;
			defaultConfigurationName = Release;
		};
		3F4C3D0F1C68C46D00E46017 /* Build configuration list for PBXNativeTarget "github" */ = {
			isa = XCConfigurationList;
			buildConfigurations = (
				3F4C3D101C68C46D00E46017 /* Debug */,
				3F4C3D111C68C46D00E46017 /* Release */,
			);
			defaultConfigurationIsVisible = 0;
		};
		3F4C3D121C68C46D00E46017 /* Build configuration list for PBXNativeTarget "githubTests" */ = {
			isa = XCConfigurationList;
			buildConfigurations = (
				3F4C3D131C68C46D00E46017 /* Debug */,
				3F4C3D141C68C46D00E46017 /* Release */,
			);
			defaultConfigurationIsVisible = 0;
		};
		3F4C3D151C68C46D00E46017 /* Build configuration list for PBXNativeTarget "githubUITests" */ = {
			isa = XCConfigurationList;
			buildConfigurations = (
				3F4C3D161C68C46D00E46017 /* Debug */,
				3F4C3D171C68C46D00E46017 /* Release */,
			);
			defaultConfigurationIsVisible = 0;
		};
/* End XCConfigurationList section */
	};
	rootObject = 3F4C3CDF1C68C46C00E46017 /* Project object */;
}
